// !$*UTF8*$!
{
	archiveVersion = 1;
	classes = {
	};
	objectVersion = 77;
	objects = {

/* Begin PBXBuildFile section */
		300000000000000000000001 /* AcademyView.swift in Sources */ = {isa = PBXBuildFile; fileRef = 100000000000000000000001 /* AcademyView.swift */; };
		300000000000000000000002 /* BibleView.swift in Sources */ = {isa = PBXBuildFile; fileRef = 100000000000000000000002 /* BibleView.swift */; };
		300000000000000000000003 /* BreatheView.swift in Sources */ = {isa = PBXBuildFile; fileRef = 100000000000000000000003 /* BreatheView.swift */; };
		300000000000000000000004 /* DailyBreathApp.swift in Sources */ = {isa = PBXBuildFile; fileRef = 100000000000000000000004 /* DailyBreathApp.swift */; };
		300000000000000000000005 /* DailyBreathStore.swift in Sources */ = {isa = PBXBuildFile; fileRef = 100000000000000000000005 /* DailyBreathStore.swift */; };
		300000000000000000000006 /* JournalView.swift in Sources */ = {isa = PBXBuildFile; fileRef = 100000000000000000000006 /* JournalView.swift */; };
		300000000000000000000007 /* Models.swift in Sources */ = {isa = PBXBuildFile; fileRef = 100000000000000000000007 /* Models.swift */; };
		300000000000000000000008 /* RootView.swift in Sources */ = {isa = PBXBuildFile; fileRef = 100000000000000000000008 /* RootView.swift */; };
		300000000000000000000009 /* TodayView.swift in Sources */ = {isa = PBXBuildFile; fileRef = 100000000000000000000009 /* TodayView.swift */; };
		300000000000000000000010 /* Assets.xcassets in Resources */ = {isa = PBXBuildFile; fileRef = 100000000000000000000010 /* Assets.xcassets */; };
		300000000000000000000011 /* DailyBreathTests.swift in Sources */ = {isa = PBXBuildFile; fileRef = 100000000000000000000011 /* DailyBreathTests.swift */; };
		300000000000000000000012 /* engwebp_vpl.txt in Resources */ = {isa = PBXBuildFile; fileRef = 100000000000000000000014 /* engwebp_vpl.txt */; };
		300000000000000000000013 /* DailyBreathClipApp.swift in Sources */ = {isa = PBXBuildFile; fileRef = 100000000000000000000015 /* DailyBreathClipApp.swift */; };
		300000000000000000000014 /* Assets.xcassets in Resources */ = {isa = PBXBuildFile; fileRef = 100000000000000000000010 /* Assets.xcassets */; };
		300000000000000000000015 /* The Daily Breath Clip.app in Embed App Clips */ = {isa = PBXBuildFile; fileRef = 100000000000000000000016 /* The Daily Breath Clip.app */; settings = {ATTRIBUTES = (RemoveHeadersOnCopy, ); }; };
		300000000000000000000016 /* DailyBreathTheme.swift in Sources */ = {isa = PBXBuildFile; fileRef = 100000000000000000000017 /* DailyBreathTheme.swift */; };
		300000000000000000000018 /* LaunchScreen.storyboard in Resources */ = {isa = PBXBuildFile; fileRef = 100000000000000000000018 /* LaunchScreen.storyboard */; };
		300000000000000000000019 /* NotificationService.swift in Sources */ = {isa = PBXBuildFile; fileRef = 100000000000000000000020 /* NotificationService.swift */; };
		300000000000000000000020 /* ReminderSettingsView.swift in Sources */ = {isa = PBXBuildFile; fileRef = 100000000000000000000021 /* ReminderSettingsView.swift */; };
/* End PBXBuildFile section */

/* Begin PBXContainerItemProxy section */
		400000000000000000000001 /* PBXContainerItemProxy */ = {
			isa = PBXContainerItemProxy;
			containerPortal = 000000000000000000000001 /* Project object */;
			proxyType = 1;
			remoteGlobalIDString = 111111111111111111111111;
			remoteInfo = TheDailyBreath;
		};
		400000000000000000000003 /* PBXContainerItemProxy */ = {
			isa = PBXContainerItemProxy;
			containerPortal = 000000000000000000000001 /* Project object */;
			proxyType = 1;
			remoteGlobalIDString = 333333333333333333333333;
			remoteInfo = TheDailyBreathClip;
		};
/* End PBXContainerItemProxy section */

/* Begin PBXCopyFilesBuildPhase section */
		600000000000000000000006 /* Embed App Clips */ = {
			isa = PBXCopyFilesBuildPhase;
			buildActionMask = 2147483647;
			dstPath = "";
			dstSubfolderSpec = 16;
			files = (
				300000000000000000000015 /* The Daily Breath Clip.app in Embed App Clips */,
			);
			name = "Embed App Clips";
			runOnlyForDeploymentPostprocessing = 0;
		};
/* End PBXCopyFilesBuildPhase section */

/* Begin PBXFileReference section */
		100000000000000000000001 /* AcademyView.swift */ = {isa = PBXFileReference; lastKnownFileType = sourcecode.swift; path = AcademyView.swift; sourceTree = "<group>"; };
		100000000000000000000002 /* BibleView.swift */ = {isa = PBXFileReference; lastKnownFileType = sourcecode.swift; path = BibleView.swift; sourceTree = "<group>"; };
		100000000000000000000003 /* BreatheView.swift */ = {isa = PBXFileReference; lastKnownFileType = sourcecode.swift; path = BreatheView.swift; sourceTree = "<group>"; };
		100000000000000000000004 /* DailyBreathApp.swift */ = {isa = PBXFileReference; lastKnownFileType = sourcecode.swift; path = DailyBreathApp.swift; sourceTree = "<group>"; };
		100000000000000000000005 /* DailyBreathStore.swift */ = {isa = PBXFileReference; lastKnownFileType = sourcecode.swift; path = DailyBreathStore.swift; sourceTree = "<group>"; };
		100000000000000000000006 /* JournalView.swift */ = {isa = PBXFileReference; lastKnownFileType = sourcecode.swift; path = JournalView.swift; sourceTree = "<group>"; };
		100000000000000000000007 /* Models.swift */ = {isa = PBXFileReference; lastKnownFileType = sourcecode.swift; path = Models.swift; sourceTree = "<group>"; };
		100000000000000000000008 /* RootView.swift */ = {isa = PBXFileReference; lastKnownFileType = sourcecode.swift; path = RootView.swift; sourceTree = "<group>"; };
		100000000000000000000009 /* TodayView.swift */ = {isa = PBXFileReference; lastKnownFileType = sourcecode.swift; path = TodayView.swift; sourceTree = "<group>"; };
		100000000000000000000010 /* Assets.xcassets */ = {isa = PBXFileReference; lastKnownFileType = folder.assetcatalog; path = Assets.xcassets; sourceTree = "<group>"; };
		100000000000000000000011 /* DailyBreathTests.swift */ = {isa = PBXFileReference; lastKnownFileType = sourcecode.swift; path = DailyBreathTests.swift; sourceTree = "<group>"; };
		100000000000000000000012 /* The Daily Breath.app */ = {isa = PBXFileReference; explicitFileType = wrapper.application; includeInIndex = 0; path = "The Daily Breath.app"; sourceTree = BUILT_PRODUCTS_DIR; };
		100000000000000000000013 /* TheDailyBreathTests.xctest */ = {isa = PBXFileReference; explicitFileType = wrapper.cfbundle; includeInIndex = 0; path = TheDailyBreathTests.xctest; sourceTree = BUILT_PRODUCTS_DIR; };
		100000000000000000000014 /* engwebp_vpl.txt */ = {isa = PBXFileReference; lastKnownFileType = text; path = engwebp_vpl.txt; sourceTree = "<group>"; };
		100000000000000000000015 /* DailyBreathClipApp.swift */ = {isa = PBXFileReference; lastKnownFileType = sourcecode.swift; path = DailyBreathClipApp.swift; sourceTree = "<group>"; };
		100000000000000000000016 /* The Daily Breath Clip.app */ = {isa = PBXFileReference; explicitFileType = wrapper.application; includeInIndex = 0; path = "The Daily Breath Clip.app"; sourceTree = BUILT_PRODUCTS_DIR; };
		100000000000000000000017 /* DailyBreathTheme.swift */ = {isa = PBXFileReference; lastKnownFileType = sourcecode.swift; path = DailyBreathTheme.swift; sourceTree = "<group>"; };
		100000000000000000000018 /* LaunchScreen.storyboard */ = {isa = PBXFileReference; lastKnownFileType = file.storyboard; path = LaunchScreen.storyboard; sourceTree = "<group>"; };
		100000000000000000000019 /* TheDailyBreathClip.entitlements */ = {isa = PBXFileReference; lastKnownFileType = text.plist.entitlements; path = TheDailyBreathClip.entitlements; sourceTree = "<group>"; };
		100000000000000000000020 /* NotificationService.swift */ = {isa = PBXFileReference; lastKnownFileType = sourcecode.swift; path = NotificationService.swift; sourceTree = "<group>"; };
		100000000000000000000021 /* ReminderSettingsView.swift */ = {isa = PBXFileReference; lastKnownFileType = sourcecode.swift; path = ReminderSettingsView.swift; sourceTree = "<group>"; };
/* End PBXFileReference section */

/* Begin PBXFrameworksBuildPhase section */
		500000000000000000000001 /* Frameworks */ = {
			isa = PBXFrameworksBuildPhase;
			buildActionMask = 2147483647;
			files = (
			);
			runOnlyForDeploymentPostprocessing = 0;
		};
		500000000000000000000002 /* Frameworks */ = {
			isa = PBXFrameworksBuildPhase;
			buildActionMask = 2147483647;
			files = (
			);
			runOnlyForDeploymentPostprocessing = 0;
		};
		500000000000000000000003 /* Frameworks */ = {
			isa = PBXFrameworksBuildPhase;
			buildActionMask = 2147483647;
			files = (
			);
			runOnlyForDeploymentPostprocessing = 0;
		};
/* End PBXFrameworksBuildPhase section */

/* Begin PBXGroup section */
		200000000000000000000001 = {
			isa = PBXGroup;
			children = (
				200000000000000000000002 /* Sources */,
				200000000000000000000006 /* AppClip */,
				200000000000000000000003 /* Resources */,
				200000000000000000000004 /* Tests */,
				200000000000000000000005 /* Products */,
			);
			sourceTree = "<group>";
		};
		200000000000000000000002 /* Sources */ = {
			isa = PBXGroup;
			children = (
				100000000000000000000001 /* AcademyView.swift */,
				100000000000000000000002 /* BibleView.swift */,
				100000000000000000000003 /* BreatheView.swift */,
				100000000000000000000004 /* DailyBreathApp.swift */,
				100000000000000000000005 /* DailyBreathStore.swift */,
				100000000000000000000017 /* DailyBreathTheme.swift */,
				100000000000000000000006 /* JournalView.swift */,
				100000000000000000000007 /* Models.swift */,
				100000000000000000000020 /* NotificationService.swift */,
				100000000000000000000021 /* ReminderSettingsView.swift */,
				100000000000000000000008 /* RootView.swift */,
				100000000000000000000009 /* TodayView.swift */,
			);
			path = Sources;
			sourceTree = "<group>";
		};
		200000000000000000000003 /* Resources */ = {
			isa = PBXGroup;
			children = (
				100000000000000000000010 /* Assets.xcassets */,
				100000000000000000000014 /* engwebp_vpl.txt */,
				100000000000000000000018 /* LaunchScreen.storyboard */,
			);
			path = Resources;
			sourceTree = "<group>";
		};
		200000000000000000000004 /* Tests */ = {
			isa = PBXGroup;
			children = (
				100000000000000000000011 /* DailyBreathTests.swift */,
			);
			path = Tests;
			sourceTree = "<group>";
		};
		200000000000000000000005 /* Products */ = {
			isa = PBXGroup;
			children = (
				100000000000000000000012 /* The Daily Breath.app */,
				100000000000000000000016 /* The Daily Breath Clip.app */,
				100000000000000000000013 /* TheDailyBreathTests.xctest */,
			);
			name = Products;
			sourceTree = "<group>";
		};
		200000000000000000000006 /* AppClip */ = {
			isa = PBXGroup;
			children = (
				100000000000000000000015 /* DailyBreathClipApp.swift */,
				100000000000000000000019 /* TheDailyBreathClip.entitlements */,
			);
			path = AppClip;
			sourceTree = "<group>";
		};
/* End PBXGroup section */

/* Begin PBXNativeTarget section */
		111111111111111111111111 /* TheDailyBreath */ = {
			isa = PBXNativeTarget;
			buildConfigurationList = 700000000000000000000001 /* Build configuration list for PBXNativeTarget "TheDailyBreath" */;
			buildPhases = (
				600000000000000000000001 /* Sources */,
				500000000000000000000001 /* Frameworks */,
				600000000000000000000002 /* Resources */,
				600000000000000000000006 /* Embed App Clips */,
			);
			buildRules = (
			);
			dependencies = (
				400000000000000000000004 /* PBXTargetDependency */,
			);
			name = TheDailyBreath;
			packageProductDependencies = (
			);
			productName = "The Daily Breath";
			productReference = 100000000000000000000012 /* The Daily Breath.app */;
			productType = "com.apple.product-type.application";
		};
		222222222222222222222222 /* TheDailyBreathTests */ = {
			isa = PBXNativeTarget;
			buildConfigurationList = 700000000000000000000002 /* Build configuration list for PBXNativeTarget "TheDailyBreathTests" */;
			buildPhases = (
				600000000000000000000003 /* Sources */,
				500000000000000000000002 /* Frameworks */,
			);
			buildRules = (
			);
			dependencies = (
				400000000000000000000002 /* PBXTargetDependency */,
			);
			name = TheDailyBreathTests;
			packageProductDependencies = (
			);
			productName = DailyBreathTests;
			productReference = 100000000000000000000013 /* TheDailyBreathTests.xctest */;
			productType = "com.apple.product-type.bundle.unit-test";
		};
		333333333333333333333333 /* TheDailyBreathClip */ = {
			isa = PBXNativeTarget;
			buildConfigurationList = 700000000000000000000004 /* Build configuration list for PBXNativeTarget "TheDailyBreathClip" */;
			buildPhases = (
				600000000000000000000004 /* Sources */,
				500000000000000000000003 /* Frameworks */,
				600000000000000000000005 /* Resources */,
			);
			buildRules = (
			);
			dependencies = (
			);
			name = TheDailyBreathClip;
			packageProductDependencies = (
			);
			productName = "The Daily Breath Clip";
			productReference = 100000000000000000000016 /* The Daily Breath Clip.app */;
			productType = "com.apple.product-type.application.on-demand-install-capable";
		};
/* End PBXNativeTarget section */

/* Begin PBXProject section */
		000000000000000000000001 /* Project object */ = {
			isa = PBXProject;
			attributes = {
				BuildIndependentTargetsInParallel = YES;
				LastUpgradeCheck = 2600;
				TargetAttributes = {
					222222222222222222222222 = {
						DevelopmentTeam = FK9QM3VUNH;
						ProvisioningStyle = Automatic;
					};
				};
			};
			buildConfigurationList = 700000000000000000000003 /* Build configuration list for PBXProject "TheDailyBreath" */;
			developmentRegion = en;
			hasScannedForEncodings = 0;
			knownRegions = (
				Base,
				en,
			);
			mainGroup = 200000000000000000000001;
			minimizedProjectReferenceProxies = 1;
			preferredProjectObjectVersion = 77;
			productRefGroup = 200000000000000000000005 /* Products */;
			projectDirPath = "";
			projectRoot = "";
			targets = (
				111111111111111111111111 /* TheDailyBreath */,
				333333333333333333333333 /* TheDailyBreathClip */,
				222222222222222222222222 /* TheDailyBreathTests */,
			);
		};
/* End PBXProject section */

/* Begin PBXResourcesBuildPhase section */
		600000000000000000000002 /* Resources */ = {
			isa = PBXResourcesBuildPhase;
			buildActionMask = 2147483647;
			files = (
				300000000000000000000010 /* Assets.xcassets in Resources */,
				300000000000000000000012 /* engwebp_vpl.txt in Resources */,
				300000000000000000000018 /* LaunchScreen.storyboard in Resources */,
			);
			runOnlyForDeploymentPostprocessing = 0;
		};
		600000000000000000000005 /* Resources */ = {
			isa = PBXResourcesBuildPhase;
			buildActionMask = 2147483647;
			files = (
				300000000000000000000014 /* Assets.xcassets in Resources */,
			);
			runOnlyForDeploymentPostprocessing = 0;
		};
/* End PBXResourcesBuildPhase section */

/* Begin PBXSourcesBuildPhase section */
		600000000000000000000001 /* Sources */ = {
			isa = PBXSourcesBuildPhase;
			buildActionMask = 2147483647;
			files = (
				300000000000000000000001 /* AcademyView.swift in Sources */,
				300000000000000000000002 /* BibleView.swift in Sources */,
				300000000000000000000003 /* BreatheView.swift in Sources */,
				300000000000000000000004 /* DailyBreathApp.swift in Sources */,
				300000000000000000000005 /* DailyBreathStore.swift in Sources */,
				300000000000000000000016 /* DailyBreathTheme.swift in Sources */,
				300000000000000000000006 /* JournalView.swift in Sources */,
				300000000000000000000007 /* Models.swift in Sources */,
				300000000000000000000019 /* NotificationService.swift in Sources */,
				300000000000000000000020 /* ReminderSettingsView.swift in Sources */,
				300000000000000000000008 /* RootView.swift in Sources */,
				300000000000000000000009 /* TodayView.swift in Sources */,
			);
			runOnlyForDeploymentPostprocessing = 0;
		};
		600000000000000000000003 /* Sources */ = {
			isa = PBXSourcesBuildPhase;
			buildActionMask = 2147483647;
			files = (
				300000000000000000000011 /* DailyBreathTests.swift in Sources */,
			);
			runOnlyForDeploymentPostprocessing = 0;
		};
		600000000000000000000004 /* Sources */ = {
			isa = PBXSourcesBuildPhase;
			buildActionMask = 2147483647;
			files = (
				300000000000000000000013 /* DailyBreathClipApp.swift in Sources */,
			);
			runOnlyForDeploymentPostprocessing = 0;
		};
/* End PBXSourcesBuildPhase section */

/* Begin PBXTargetDependency section */
		400000000000000000000002 /* PBXTargetDependency */ = {
			isa = PBXTargetDependency;
			target = 111111111111111111111111 /* TheDailyBreath */;
			targetProxy = 400000000000000000000001 /* PBXContainerItemProxy */;
		};
		400000000000000000000004 /* PBXTargetDependency */ = {
			isa = PBXTargetDependency;
			target = 333333333333333333333333 /* TheDailyBreathClip */;
			targetProxy = 400000000000000000000003 /* PBXContainerItemProxy */;
		};
/* End PBXTargetDependency section */

/* Begin XCBuildConfiguration section */
		800000000000000000000001 /* Debug */ = {
			isa = XCBuildConfiguration;
			buildSettings = {
				ASSETCATALOG_COMPILER_APPICON_NAME = AppIcon;
				ASSETCATALOG_COMPILER_GLOBAL_ACCENT_COLOR_NAME = AccentColor;
				CODE_SIGN_IDENTITY = "Apple Development";
				CODE_SIGN_STYLE = Automatic;
				DEVELOPMENT_TEAM = FK9QM3VUNH;
				INFOPLIST_KEY_CFBundleDisplayName = "The Daily Breath";
				INFOPLIST_KEY_LSApplicationCategoryType = "public.app-category.lifestyle";
				INFOPLIST_KEY_UIApplicationSupportsIndirectInputEvents = YES;
				INFOPLIST_KEY_UILaunchStoryboardName = LaunchScreen;
				INFOPLIST_KEY_UIRequiresFullScreen = YES;
				INFOPLIST_KEY_UISupportedInterfaceOrientations = UIInterfaceOrientationPortrait;
				INFOPLIST_KEY_UISupportedInterfaceOrientations_iPad = "UIInterfaceOrientationPortrait UIInterfaceOrientationPortraitUpsideDown";
				LD_RUNPATH_SEARCH_PATHS = (
					"$(inherited)",
					"@executable_path/Frameworks",
				);
				PRODUCT_BUNDLE_IDENTIFIER = technology.co.beyondimagination.thedailybreath;
				PRODUCT_MODULE_NAME = DailyBreath;
				PRODUCT_NAME = "The Daily Breath";
				PROVISIONING_PROFILE_SPECIFIER = "";
				SDKROOT = iphoneos;
				SUPPORTS_MACCATALYST = NO;
				TARGETED_DEVICE_FAMILY = "1,2";
			};
			name = Debug;
		};
		800000000000000000000002 /* Release */ = {
			isa = XCBuildConfiguration;
			buildSettings = {
				ASSETCATALOG_COMPILER_APPICON_NAME = AppIcon;
				ASSETCATALOG_COMPILER_GLOBAL_ACCENT_COLOR_NAME = AccentColor;
				CODE_SIGN_IDENTITY = "Apple Development";
				"CODE_SIGN_IDENTITY[sdk=iphoneos*]" = "iPhone Distribution";
				CODE_SIGN_STYLE = Manual;
				DEVELOPMENT_TEAM = "";
				"DEVELOPMENT_TEAM[sdk=iphoneos*]" = FK9QM3VUNH;
				INFOPLIST_KEY_CFBundleDisplayName = "The Daily Breath";
				INFOPLIST_KEY_LSApplicationCategoryType = "public.app-category.lifestyle";
				INFOPLIST_KEY_UIApplicationSupportsIndirectInputEvents = YES;
				INFOPLIST_KEY_UILaunchStoryboardName = LaunchScreen;
				INFOPLIST_KEY_UIRequiresFullScreen = YES;
				INFOPLIST_KEY_UISupportedInterfaceOrientations = UIInterfaceOrientationPortrait;
				INFOPLIST_KEY_UISupportedInterfaceOrientations_iPad = "UIInterfaceOrientationPortrait UIInterfaceOrientationPortraitUpsideDown";
				LD_RUNPATH_SEARCH_PATHS = (
					"$(inherited)",
					"@executable_path/Frameworks",
				);
				PRODUCT_BUNDLE_IDENTIFIER = technology.co.beyondimagination.thedailybreath;
				PRODUCT_MODULE_NAME = DailyBreath;
				PRODUCT_NAME = "The Daily Breath";
				PROVISIONING_PROFILE = "6183f7f2-d0c2-44a0-a6eb-478e47f58eb9";
				PROVISIONING_PROFILE_SPECIFIER = "";
				"PROVISIONING_PROFILE_SPECIFIER[sdk=iphoneos*]" = GGOG;
				SDKROOT = iphoneos;
				SUPPORTS_MACCATALYST = NO;
				TARGETED_DEVICE_FAMILY = "1,2";
			};
			name = Release;
		};
		800000000000000000000003 /* Debug */ = {
			isa = XCBuildConfiguration;
			buildSettings = {
				BUNDLE_LOADER = "$(TEST_HOST)";
				GENERATE_INFOPLIST_FILE = YES;
				LD_RUNPATH_SEARCH_PATHS = (
					"$(inherited)",
					"@executable_path/Frameworks",
					"@loader_path/Frameworks",
				);
				PRODUCT_BUNDLE_IDENTIFIER = technology.co.beyondimagination.thedailybreath.tests;
				PRODUCT_MODULE_NAME = DailyBreathTests;
				PRODUCT_NAME = TheDailyBreathTests;
				SDKROOT = iphoneos;
				TARGETED_DEVICE_FAMILY = "1,2";
				TEST_HOST = "$(BUILT_PRODUCTS_DIR)/The Daily Breath.app/The Daily Breath";
			};
			name = Debug;
		};
		800000000000000000000004 /* Release */ = {
			isa = XCBuildConfiguration;
			buildSettings = {
				BUNDLE_LOADER = "$(TEST_HOST)";
				GENERATE_INFOPLIST_FILE = YES;
				LD_RUNPATH_SEARCH_PATHS = (
					"$(inherited)",
					"@executable_path/Frameworks",
					"@loader_path/Frameworks",
				);
				PRODUCT_BUNDLE_IDENTIFIER = technology.co.beyondimagination.thedailybreath.tests;
				PRODUCT_MODULE_NAME = DailyBreathTests;
				PRODUCT_NAME = TheDailyBreathTests;
				SDKROOT = iphoneos;
				TARGETED_DEVICE_FAMILY = "1,2";
				TEST_HOST = "$(BUILT_PRODUCTS_DIR)/The Daily Breath.app/The Daily Breath";
			};
			name = Release;
		};
		800000000000000000000005 /* Debug */ = {
			isa = XCBuildConfiguration;
			buildSettings = {
				ALWAYS_SEARCH_USER_PATHS = NO;
				CLANG_ANALYZER_NONNULL = YES;
				CLANG_ANALYZER_NUMBER_OBJECT_CONVERSION = YES_AGGRESSIVE;
				CLANG_CXX_LANGUAGE_STANDARD = "gnu++14";
				CLANG_CXX_LIBRARY = "libc++";
				CLANG_ENABLE_MODULES = YES;
				CLANG_ENABLE_OBJC_ARC = YES;
				CLANG_ENABLE_OBJC_WEAK = YES;
				CLANG_WARN_BLOCK_CAPTURE_AUTORELEASING = YES;
				CLANG_WARN_BOOL_CONVERSION = YES;
				CLANG_WARN_COMMA = YES;
				CLANG_WARN_CONSTANT_CONVERSION = YES;
				CLANG_WARN_DEPRECATED_OBJC_IMPLEMENTATIONS = YES;
				CLANG_WARN_DIRECT_OBJC_ISA_USAGE = YES_ERROR;
				CLANG_WARN_DOCUMENTATION_COMMENTS = YES;
				CLANG_WARN_EMPTY_BODY = YES;
				CLANG_WARN_ENUM_CONVERSION = YES;
				CLANG_WARN_INFINITE_RECURSION = YES;
				CLANG_WARN_INT_CONVERSION = YES;
				CLANG_WARN_NON_LITERAL_NULL_CONVERSION = YES;
				CLANG_WARN_OBJC_IMPLICIT_RETAIN_SELF = YES;
				CLANG_WARN_OBJC_LITERAL_CONVERSION = YES;
				CLANG_WARN_OBJC_ROOT_CLASS = YES_ERROR;
				CLANG_WARN_QUOTED_INCLUDE_IN_FRAMEWORK_HEADER = YES;
				CLANG_WARN_RANGE_LOOP_ANALYSIS = YES;
				CLANG_WARN_STRICT_PROTOTYPES = YES;
				CLANG_WARN_SUSPICIOUS_MOVE = YES;
				CLANG_WARN_UNGUARDED_AVAILABILITY = YES_AGGRESSIVE;
				CLANG_WARN_UNREACHABLE_CODE = YES;
				CLANG_WARN__DUPLICATE_METHOD_MATCH = YES;
				CODE_SIGN_STYLE = Automatic;
				COPY_PHASE_STRIP = NO;
				CURRENT_PROJECT_VERSION = 1;
				DEBUG_INFORMATION_FORMAT = dwarf;
				DEVELOPMENT_TEAM = FK9QM3VUNH;
				ENABLE_STRICT_OBJC_MSGSEND = YES;
				ENABLE_TESTABILITY = YES;
				ENABLE_USER_SCRIPT_SANDBOXING = YES;
				GCC_C_LANGUAGE_STANDARD = gnu11;
				GCC_DYNAMIC_NO_PIC = NO;
				GCC_NO_COMMON_BLOCKS = YES;
				GCC_OPTIMIZATION_LEVEL = 0;
				GCC_PREPROCESSOR_DEFINITIONS = (
					"$(inherited)",
					"DEBUG=1",
				);
				GCC_WARN_64_TO_32_BIT_CONVERSION = YES;
				GCC_WARN_ABOUT_RETURN_TYPE = YES_ERROR;
				GCC_WARN_UNDECLARED_SELECTOR = YES;
				GCC_WARN_UNINITIALIZED_AUTOS = YES_AGGRESSIVE;
				GCC_WARN_UNUSED_FUNCTION = YES;
				GCC_WARN_UNUSED_VARIABLE = YES;
				GENERATE_INFOPLIST_FILE = YES;
				IPHONEOS_DEPLOYMENT_TARGET = 17.0;
				MARKETING_VERSION = 1.1.1;
				MTL_ENABLE_DEBUG_INFO = INCLUDE_SOURCE;
				MTL_FAST_MATH = YES;
				PRODUCT_NAME = "$(TARGET_NAME)";
				SWIFT_ACTIVE_COMPILATION_CONDITIONS = DEBUG;
				SWIFT_OPTIMIZATION_LEVEL = "-Onone";
				SWIFT_VERSION = 6.0;
			};
			name = Debug;
		};
		800000000000000000000006 /* Release */ = {
			isa = XCBuildConfiguration;
			buildSettings = {
				ALWAYS_SEARCH_USER_PATHS = NO;
				CLANG_ANALYZER_NONNULL = YES;
				CLANG_ANALYZER_NUMBER_OBJECT_CONVERSION = YES_AGGRESSIVE;
				CLANG_CXX_LANGUAGE_STANDARD = "gnu++14";
				CLANG_CXX_LIBRARY = "libc++";
				CLANG_ENABLE_MODULES = YES;
				CLANG_ENABLE_OBJC_ARC = YES;
				CLANG_ENABLE_OBJC_WEAK = YES;
				CLANG_WARN_BLOCK_CAPTURE_AUTORELEASING = YES;
				CLANG_WARN_BOOL_CONVERSION = YES;
				CLANG_WARN_COMMA = YES;
				CLANG_WARN_CONSTANT_CONVERSION = YES;
				CLANG_WARN_DEPRECATED_OBJC_IMPLEMENTATIONS = YES;
				CLANG_WARN_DIRECT_OBJC_ISA_USAGE = YES_ERROR;
				CLANG_WARN_DOCUMENTATION_COMMENTS = YES;
				CLANG_WARN_EMPTY_BODY = YES;
				CLANG_WARN_ENUM_CONVERSION = YES;
				CLANG_WARN_INFINITE_RECURSION = YES;
				CLANG_WARN_INT_CONVERSION = YES;
				CLANG_WARN_NON_LITERAL_NULL_CONVERSION = YES;
				CLANG_WARN_OBJC_IMPLICIT_RETAIN_SELF = YES;
				CLANG_WARN_OBJC_LITERAL_CONVERSION = YES;
				CLANG_WARN_OBJC_ROOT_CLASS = YES_ERROR;
				CLANG_WARN_QUOTED_INCLUDE_IN_FRAMEWORK_HEADER = YES;
				CLANG_WARN_RANGE_LOOP_ANALYSIS = YES;
				CLANG_WARN_STRICT_PROTOTYPES = YES;
				CLANG_WARN_SUSPICIOUS_MOVE = YES;
				CLANG_WARN_UNGUARDED_AVAILABILITY = YES_AGGRESSIVE;
				CLANG_WARN_UNREACHABLE_CODE = YES;
				CLANG_WARN__DUPLICATE_METHOD_MATCH = YES;
				CODE_SIGN_STYLE = Automatic;
				COPY_PHASE_STRIP = NO;
				CURRENT_PROJECT_VERSION = 1;
				DEBUG_INFORMATION_FORMAT = "dwarf-with-dsym";
				DEVELOPMENT_TEAM = FK9QM3VUNH;
				ENABLE_NS_ASSERTIONS = NO;
				ENABLE_STRICT_OBJC_MSGSEND = YES;
				ENABLE_USER_SCRIPT_SANDBOXING = YES;
				GCC_C_LANGUAGE_STANDARD = gnu11;
				GCC_NO_COMMON_BLOCKS = YES;
				GCC_WARN_64_TO_32_BIT_CONVERSION = YES;
				GCC_WARN_ABOUT_RETURN_TYPE = YES_ERROR;
				GCC_WARN_UNDECLARED_SELECTOR = YES;
				GCC_WARN_UNINITIALIZED_AUTOS = YES_AGGRESSIVE;
				GCC_WARN_UNUSED_FUNCTION = YES;
				GCC_WARN_UNUSED_VARIABLE = YES;
				GENERATE_INFOPLIST_FILE = YES;
				IPHONEOS_DEPLOYMENT_TARGET = 17.0;
				MARKETING_VERSION = 1.1.1;
				MTL_ENABLE_DEBUG_INFO = NO;
				MTL_FAST_MATH = YES;
				PRODUCT_NAME = "$(TARGET_NAME)";
				SWIFT_COMPILATION_MODE = wholemodule;
				SWIFT_OPTIMIZATION_LEVEL = "-O";
				SWIFT_VERSION = 6.0;
			};
			name = Release;
		};
		800000000000000000000007 /* Debug */ = {
			isa = XCBuildConfiguration;
			buildSettings = {
				ASSETCATALOG_COMPILER_APPICON_NAME = AppIcon;
				ASSETCATALOG_COMPILER_GLOBAL_ACCENT_COLOR_NAME = AccentColor;
				CODE_SIGN_IDENTITY = "Apple Development";
				CODE_SIGN_ENTITLEMENTS = AppClip/TheDailyBreathClip.entitlements;
				CODE_SIGN_STYLE = Automatic;
				DEVELOPMENT_TEAM = FK9QM3VUNH;
				GENERATE_INFOPLIST_FILE = YES;
				INFOPLIST_KEY_CFBundleDisplayName = "Daily Breath Clip";
				INFOPLIST_KEY_LSApplicationCategoryType = "public.app-category.lifestyle";
				INFOPLIST_KEY_UIApplicationSupportsIndirectInputEvents = YES;
				INFOPLIST_KEY_UILaunchScreen_Generation = YES;
				INFOPLIST_KEY_UISupportedInterfaceOrientations = UIInterfaceOrientationPortrait;
				LD_RUNPATH_SEARCH_PATHS = (
					"$(inherited)",
					"@executable_path/Frameworks",
				);
				PRODUCT_BUNDLE_IDENTIFIER = technology.co.beyondimagination.thedailybreath.Clip;
				PRODUCT_MODULE_NAME = DailyBreathClip;
				PRODUCT_NAME = "The Daily Breath Clip";
				PROVISIONING_PROFILE_SPECIFIER = "";
				SDKROOT = iphoneos;
				SUPPORTS_MACCATALYST = NO;
				TARGETED_DEVICE_FAMILY = 1;
			};
			name = Debug;
		};
		800000000000000000000008 /* Release */ = {
			isa = XCBuildConfiguration;
			buildSettings = {
				ASSETCATALOG_COMPILER_APPICON_NAME = AppIcon;
				ASSETCATALOG_COMPILER_GLOBAL_ACCENT_COLOR_NAME = AccentColor;
				CODE_SIGN_IDENTITY = "Apple Development";
				CODE_SIGN_ENTITLEMENTS = AppClip/TheDailyBreathClip.entitlements;
				CODE_SIGN_STYLE = Automatic;
				DEVELOPMENT_TEAM = FK9QM3VUNH;
				GENERATE_INFOPLIST_FILE = YES;
				INFOPLIST_KEY_CFBundleDisplayName = "Daily Breath Clip";
				INFOPLIST_KEY_LSApplicationCategoryType = "public.app-category.lifestyle";
				INFOPLIST_KEY_UIApplicationSupportsIndirectInputEvents = YES;
				INFOPLIST_KEY_UILaunchScreen_Generation = YES;
				INFOPLIST_KEY_UISupportedInterfaceOrientations = UIInterfaceOrientationPortrait;
				LD_RUNPATH_SEARCH_PATHS = (
					"$(inherited)",
					"@executable_path/Frameworks",
				);
				PRODUCT_BUNDLE_IDENTIFIER = technology.co.beyondimagination.thedailybreath.Clip;
				PRODUCT_MODULE_NAME = DailyBreathClip;
				PRODUCT_NAME = "The Daily Breath Clip";
				PROVISIONING_PROFILE_SPECIFIER = "";
				SDKROOT = iphoneos;
				SUPPORTS_MACCATALYST = NO;
				TARGETED_DEVICE_FAMILY = 1;
			};
			name = Release;
		};
/* End XCBuildConfiguration section */

/* Begin XCConfigurationList section */
		700000000000000000000001 /* Build configuration list for PBXNativeTarget "TheDailyBreath" */ = {
			isa = XCConfigurationList;
			buildConfigurations = (
				800000000000000000000001 /* Debug */,
				800000000000000000000002 /* Release */,
			);
			defaultConfigurationIsVisible = 0;
			defaultConfigurationName = Debug;
		};
		700000000000000000000002 /* Build configuration list for PBXNativeTarget "TheDailyBreathTests" */ = {
			isa = XCConfigurationList;
			buildConfigurations = (
				800000000000000000000003 /* Debug */,
				800000000000000000000004 /* Release */,
			);
			defaultConfigurationIsVisible = 0;
			defaultConfigurationName = Debug;
		};
		700000000000000000000003 /* Build configuration list for PBXProject "TheDailyBreath" */ = {
			isa = XCConfigurationList;
			buildConfigurations = (
				800000000000000000000005 /* Debug */,
				800000000000000000000006 /* Release */,
			);
			defaultConfigurationIsVisible = 0;
			defaultConfigurationName = Debug;
		};
		700000000000000000000004 /* Build configuration list for PBXNativeTarget "TheDailyBreathClip" */ = {
			isa = XCConfigurationList;
			buildConfigurations = (
				800000000000000000000007 /* Debug */,
				800000000000000000000008 /* Release */,
			);
			defaultConfigurationIsVisible = 0;
			defaultConfigurationName = Debug;
		};
/* End XCConfigurationList section */
	};
	rootObject = 000000000000000000000001 /* Project object */;
}
